
Microsoft Visual Studio Solution File, Format Version 12.00
Project("{2150E333-8FDC-42A3-9474-1A3956D46DE8}") = "WebAPI", "WebAPI", "{C0F513F6-C94C-42EF-9D9D-1A69A6AB48DC}"
EndProject
Project("{FAE04EC0-301F-11D3-BF4B-00C04F79EFBC}") = "Dotnetstore.Intranet.WebAPI", "src\Dotnetstore.Intranet.WebAPI\Dotnetstore.Intranet.WebAPI.csproj", "{F954B2A4-B4FE-4874-ABDB-797B887EDAF8}"
EndProject
Project("{2150E333-8FDC-42A3-9474-1A3956D46DE8}") = "Solution Items", "Solution Items", "{F41973BB-5507-4872-A9D2-88413F58F802}"
	ProjectSection(SolutionItems) = preProject
		docker-compose.yml = docker-compose.yml
	EndProjectSection
EndProject
Project("{2150E333-8FDC-42A3-9474-1A3956D46DE8}") = "Utility", "Utility", "{074915A1-22DC-4449-84EC-A2D3CC932B49}"
EndProject
Project("{FAE04EC0-301F-11D3-BF4B-00C04F79EFBC}") = "Dotnetstore.Intranet.WebAPI.Utility", "src\Dotnetstore.Intranet.WebAPI.Utility\Dotnetstore.Intranet.WebAPI.Utility.csproj", "{640862B6-D685-4654-A6EA-97615DB84F73}"
EndProject
Project("{FAE04EC0-301F-11D3-BF4B-00C04F79EFBC}") = "Dotnetstore.Intranet.WebAPI.Utility.Tests", "tests\Dotnetstore.Intranet.WebAPI.Utility.Tests\Dotnetstore.Intranet.WebAPI.Utility.Tests.csproj", "{8C12678E-5EA2-4FCB-B808-7F18568FDEDD}"
EndProject
Project("{2150E333-8FDC-42A3-9474-1A3956D46DE8}") = "TestHelper", "TestHelper", "{E87AFA32-2883-42EC-A072-291495C00F3A}"
EndProject
Project("{FAE04EC0-301F-11D3-BF4B-00C04F79EFBC}") = "Dotnetstore.Intranet.WebAPI.TestHelper", "tests\Dotnetstore.Intranet.WebAPI.TestHelper\Dotnetstore.Intranet.WebAPI.TestHelper.csproj", "{4407A6C3-4652-429F-A0E4-08DEE3DE3292}"
EndProject
Global
	GlobalSection(SolutionConfigurationPlatforms) = preSolution
		Debug|Any CPU = Debug|Any CPU
		Release|Any CPU = Release|Any CPU
	EndGlobalSection
	GlobalSection(NestedProjects) = preSolution
		{F954B2A4-B4FE-4874-ABDB-797B887EDAF8} = {C0F513F6-C94C-42EF-9D9D-1A69A6AB48DC}
		{640862B6-D685-4654-A6EA-97615DB84F73} = {074915A1-22DC-4449-84EC-A2D3CC932B49}
		{8C12678E-5EA2-4FCB-B808-7F18568FDEDD} = {074915A1-22DC-4449-84EC-A2D3CC932B49}
		{4407A6C3-4652-429F-A0E4-08DEE3DE3292} = {E87AFA32-2883-42EC-A072-291495C00F3A}
	EndGlobalSection
	GlobalSection(ProjectConfigurationPlatforms) = postSolution
		{F954B2A4-B4FE-4874-ABDB-797B887EDAF8}.Debug|Any CPU.ActiveCfg = Debug|Any CPU
		{F954B2A4-B4FE-4874-ABDB-797B887EDAF8}.Debug|Any CPU.Build.0 = Debug|Any CPU
		{F954B2A4-B4FE-4874-ABDB-797B887EDAF8}.Release|Any CPU.ActiveCfg = Release|Any CPU
		{F954B2A4-B4FE-4874-ABDB-797B887EDAF8}.Release|Any CPU.Build.0 = Release|Any CPU
		{640862B6-D685-4654-A6EA-97615DB84F73}.Debug|Any CPU.ActiveCfg = Debug|Any CPU
		{640862B6-D685-4654-A6EA-97615DB84F73}.Debug|Any CPU.Build.0 = Debug|Any CPU
		{640862B6-D685-4654-A6EA-97615DB84F73}.Release|Any CPU.ActiveCfg = Release|Any CPU
		{640862B6-D685-4654-A6EA-97615DB84F73}.Release|Any CPU.Build.0 = Release|Any CPU
		{8C12678E-5EA2-4FCB-B808-7F18568FDEDD}.Debug|Any CPU.ActiveCfg = Debug|Any CPU
		{8C12678E-5EA2-4FCB-B808-7F18568FDEDD}.Debug|Any CPU.Build.0 = Debug|Any CPU
		{8C12678E-5EA2-4FCB-B808-7F18568FDEDD}.Release|Any CPU.ActiveCfg = Release|Any CPU
		{8C12678E-5EA2-4FCB-B808-7F18568FDEDD}.Release|Any CPU.Build.0 = Release|Any CPU
		{4407A6C3-4652-429F-A0E4-08DEE3DE3292}.Debug|Any CPU.ActiveCfg = Debug|Any CPU
		{4407A6C3-4652-429F-A0E4-08DEE3DE3292}.Debug|Any CPU.Build.0 = Debug|Any CPU
		{4407A6C3-4652-429F-A0E4-08DEE3DE3292}.Release|Any CPU.ActiveCfg = Release|Any CPU
		{4407A6C3-4652-429F-A0E4-08DEE3DE3292}.Release|Any CPU.Build.0 = Release|Any CPU
	EndGlobalSection
EndGlobal
