
Microsoft Visual Studio Solution File, Format Version 12.00
Project("{2150E333-8FDC-42A3-9474-1A3956D46DE8}") = "WebAPI", "WebAPI", "{C0F513F6-C94C-42EF-9D9D-1A69A6AB48DC}"
EndProject
Project("{FAE04EC0-301F-11D3-BF4B-00C04F79EFBC}") = "Dotnetstore.Intranet.WebAPI", "src\Dotnetstore.Intranet.WebAPI\Dotnetstore.Intranet.WebAPI.csproj", "{F954B2A4-B4FE-4874-ABDB-797B887EDAF8}"
EndProject
Project("{2150E333-8FDC-42A3-9474-1A3956D46DE8}") = "Solution Items", "Solution Items", "{F41973BB-5507-4872-A9D2-88413F58F802}"
	ProjectSection(SolutionItems) = preProject
		docker-compose.yml = docker-compose.yml
	EndProjectSection
EndProject
Project("{2150E333-8FDC-42A3-9474-1A3956D46DE8}") = "Utility", "Utility", "{074915A1-22DC-4449-84EC-A2D3CC932B49}"
EndProject
Project("{FAE04EC0-301F-11D3-BF4B-00C04F79EFBC}") = "Dotnetstore.Intranet.WebAPI.Utility", "src\Dotnetstore.Intranet.WebAPI.Utility\Dotnetstore.Intranet.WebAPI.Utility.csproj", "{640862B6-D685-4654-A6EA-97615DB84F73}"
EndProject
Project("{FAE04EC0-301F-11D3-BF4B-00C04F79EFBC}") = "Dotnetstore.Intranet.WebAPI.Utility.Tests", "tests\Dotnetstore.Intranet.WebAPI.Utility.Tests\Dotnetstore.Intranet.WebAPI.Utility.Tests.csproj", "{8C12678E-5EA2-4FCB-B808-7F18568FDEDD}"
EndProject
Project("{2150E333-8FDC-42A3-9474-1A3956D46DE8}") = "TestHelper", "TestHelper", "{E87AFA32-2883-42EC-A072-291495C00F3A}"
EndProject
Project("{FAE04EC0-301F-11D3-BF4B-00C04F79EFBC}") = "Dotnetstore.Intranet.WebAPI.TestHelper", "tests\Dotnetstore.Intranet.WebAPI.TestHelper\Dotnetstore.Intranet.WebAPI.TestHelper.csproj", "{4407A6C3-4652-429F-A0E4-08DEE3DE3292}"
EndProject
Project("{2150E333-8FDC-42A3-9474-1A3956D46DE8}") = "Organization", "Organization", "{8D652B63-228B-442F-994C-C2C84BBF1823}"
EndProject
Project("{FAE04EC0-301F-11D3-BF4B-00C04F79EFBC}") = "Dotnetstore.Intranet.WebAPI.Organization", "src\Dotnetstore.Intranet.WebAPI.Organization\Dotnetstore.Intranet.WebAPI.Organization.csproj", "{D5F05271-5F4A-43EB-BDEC-FE1CDEF426D8}"
EndProject
Project("{FAE04EC0-301F-11D3-BF4B-00C04F79EFBC}") = "Dotnetstore.Intranet.WebAPI.Organization.Tests", "tests\Dotnetstore.Intranet.WebAPI.Organization.Tests\Dotnetstore.Intranet.WebAPI.Organization.Tests.csproj", "{523CC756-84A9-4EDB-A21E-4F92B35A4CCD}"
EndProject
Project("{2150E333-8FDC-42A3-9474-1A3956D46DE8}") = "SDK", "SDK", "{B1FC6DAB-97EC-4BEE-BD73-3944736F3CD5}"
EndProject
Project("{FAE04EC0-301F-11D3-BF4B-00C04F79EFBC}") = "Dotnetstore.Intranet.WebAPI.SDK", "src\Dotnetstore.Intranet.WebAPI.SDK\Dotnetstore.Intranet.WebAPI.SDK.csproj", "{D111A0DF-774A-4F38-A832-D5DCD58B6DED}"
EndProject
Project("{FAE04EC0-301F-11D3-BF4B-00C04F79EFBC}") = "Dotnetstore.Intranet.WebAPI.SDK.Tests", "tests\Dotnetstore.Intranet.WebAPI.SDK.Tests\Dotnetstore.Intranet.WebAPI.SDK.Tests.csproj", "{D9A7BB79-B4CF-4420-9E7A-3210BAFC230B}"
EndProject
Project("{FAE04EC0-301F-11D3-BF4B-00C04F79EFBC}") = "Dotnetstore.Intranet.WebAPI.Organization.Tests.Integration", "tests\Dotnetstore.Intranet.WebAPI.Organization.Tests.Integration\Dotnetstore.Intranet.WebAPI.Organization.Tests.Integration.csproj", "{B4DC2D00-00F6-4F72-930C-418EA0460F43}"
EndProject
Project("{2150E333-8FDC-42A3-9474-1A3956D46DE8}") = "Shared Kernel", "Shared Kernel", "{649BB802-C66C-454D-9F77-06A6FD1965DB}"
EndProject
Project("{FAE04EC0-301F-11D3-BF4B-00C04F79EFBC}") = "Dotnetstore.Intranet.API.SharedKernel", "src\Dotnetstore.Intranet.API.SharedKernel\Dotnetstore.Intranet.API.SharedKernel.csproj", "{68F16B81-2C35-4394-B1DA-492F0BCC2F8C}"
EndProject
Project("{FAE04EC0-301F-11D3-BF4B-00C04F79EFBC}") = "Dotnetstore.Intranet.API.SharedKernel.Tests", "tests\Dotnetstore.Intranet.API.SharedKernel.Tests\Dotnetstore.Intranet.API.SharedKernel.Tests.csproj", "{6E797902-3A2B-4D7A-85EB-C4A7927DC099}"
EndProject
Global
	GlobalSection(SolutionConfigurationPlatforms) = preSolution
		Debug|Any CPU = Debug|Any CPU
		Release|Any CPU = Release|Any CPU
	EndGlobalSection
	GlobalSection(NestedProjects) = preSolution
		{F954B2A4-B4FE-4874-ABDB-797B887EDAF8} = {C0F513F6-C94C-42EF-9D9D-1A69A6AB48DC}
		{640862B6-D685-4654-A6EA-97615DB84F73} = {074915A1-22DC-4449-84EC-A2D3CC932B49}
		{8C12678E-5EA2-4FCB-B808-7F18568FDEDD} = {074915A1-22DC-4449-84EC-A2D3CC932B49}
		{4407A6C3-4652-429F-A0E4-08DEE3DE3292} = {E87AFA32-2883-42EC-A072-291495C00F3A}
		{D5F05271-5F4A-43EB-BDEC-FE1CDEF426D8} = {8D652B63-228B-442F-994C-C2C84BBF1823}
		{523CC756-84A9-4EDB-A21E-4F92B35A4CCD} = {8D652B63-228B-442F-994C-C2C84BBF1823}
		{D111A0DF-774A-4F38-A832-D5DCD58B6DED} = {B1FC6DAB-97EC-4BEE-BD73-3944736F3CD5}
		{D9A7BB79-B4CF-4420-9E7A-3210BAFC230B} = {B1FC6DAB-97EC-4BEE-BD73-3944736F3CD5}
		{B4DC2D00-00F6-4F72-930C-418EA0460F43} = {8D652B63-228B-442F-994C-C2C84BBF1823}
		{68F16B81-2C35-4394-B1DA-492F0BCC2F8C} = {649BB802-C66C-454D-9F77-06A6FD1965DB}
		{6E797902-3A2B-4D7A-85EB-C4A7927DC099} = {649BB802-C66C-454D-9F77-06A6FD1965DB}
	EndGlobalSection
	GlobalSection(ProjectConfigurationPlatforms) = postSolution
		{F954B2A4-B4FE-4874-ABDB-797B887EDAF8}.Debug|Any CPU.ActiveCfg = Debug|Any CPU
		{F954B2A4-B4FE-4874-ABDB-797B887EDAF8}.Debug|Any CPU.Build.0 = Debug|Any CPU
		{F954B2A4-B4FE-4874-ABDB-797B887EDAF8}.Release|Any CPU.ActiveCfg = Release|Any CPU
		{F954B2A4-B4FE-4874-ABDB-797B887EDAF8}.Release|Any CPU.Build.0 = Release|Any CPU
		{640862B6-D685-4654-A6EA-97615DB84F73}.Debug|Any CPU.ActiveCfg = Debug|Any CPU
		{640862B6-D685-4654-A6EA-97615DB84F73}.Debug|Any CPU.Build.0 = Debug|Any CPU
		{640862B6-D685-4654-A6EA-97615DB84F73}.Release|Any CPU.ActiveCfg = Release|Any CPU
		{640862B6-D685-4654-A6EA-97615DB84F73}.Release|Any CPU.Build.0 = Release|Any CPU
		{8C12678E-5EA2-4FCB-B808-7F18568FDEDD}.Debug|Any CPU.ActiveCfg = Debug|Any CPU
		{8C12678E-5EA2-4FCB-B808-7F18568FDEDD}.Debug|Any CPU.Build.0 = Debug|Any CPU
		{8C12678E-5EA2-4FCB-B808-7F18568FDEDD}.Release|Any CPU.ActiveCfg = Release|Any CPU
		{8C12678E-5EA2-4FCB-B808-7F18568FDEDD}.Release|Any CPU.Build.0 = Release|Any CPU
		{4407A6C3-4652-429F-A0E4-08DEE3DE3292}.Debug|Any CPU.ActiveCfg = Debug|Any CPU
		{4407A6C3-4652-429F-A0E4-08DEE3DE3292}.Debug|Any CPU.Build.0 = Debug|Any CPU
		{4407A6C3-4652-429F-A0E4-08DEE3DE3292}.Release|Any CPU.ActiveCfg = Release|Any CPU
		{4407A6C3-4652-429F-A0E4-08DEE3DE3292}.Release|Any CPU.Build.0 = Release|Any CPU
		{D5F05271-5F4A-43EB-BDEC-FE1CDEF426D8}.Debug|Any CPU.ActiveCfg = Debug|Any CPU
		{D5F05271-5F4A-43EB-BDEC-FE1CDEF426D8}.Debug|Any CPU.Build.0 = Debug|Any CPU
		{D5F05271-5F4A-43EB-BDEC-FE1CDEF426D8}.Release|Any CPU.ActiveCfg = Release|Any CPU
		{D5F05271-5F4A-43EB-BDEC-FE1CDEF426D8}.Release|Any CPU.Build.0 = Release|Any CPU
		{523CC756-84A9-4EDB-A21E-4F92B35A4CCD}.Debug|Any CPU.ActiveCfg = Debug|Any CPU
		{523CC756-84A9-4EDB-A21E-4F92B35A4CCD}.Debug|Any CPU.Build.0 = Debug|Any CPU
		{523CC756-84A9-4EDB-A21E-4F92B35A4CCD}.Release|Any CPU.ActiveCfg = Release|Any CPU
		{523CC756-84A9-4EDB-A21E-4F92B35A4CCD}.Release|Any CPU.Build.0 = Release|Any CPU
		{D111A0DF-774A-4F38-A832-D5DCD58B6DED}.Debug|Any CPU.ActiveCfg = Debug|Any CPU
		{D111A0DF-774A-4F38-A832-D5DCD58B6DED}.Debug|Any CPU.Build.0 = Debug|Any CPU
		{D111A0DF-774A-4F38-A832-D5DCD58B6DED}.Release|Any CPU.ActiveCfg = Release|Any CPU
		{D111A0DF-774A-4F38-A832-D5DCD58B6DED}.Release|Any CPU.Build.0 = Release|Any CPU
		{D9A7BB79-B4CF-4420-9E7A-3210BAFC230B}.Debug|Any CPU.ActiveCfg = Debug|Any CPU
		{D9A7BB79-B4CF-4420-9E7A-3210BAFC230B}.Debug|Any CPU.Build.0 = Debug|Any CPU
		{D9A7BB79-B4CF-4420-9E7A-3210BAFC230B}.Release|Any CPU.ActiveCfg = Release|Any CPU
		{D9A7BB79-B4CF-4420-9E7A-3210BAFC230B}.Release|Any CPU.Build.0 = Release|Any CPU
		{B4DC2D00-00F6-4F72-930C-418EA0460F43}.Debug|Any CPU.ActiveCfg = Debug|Any CPU
		{B4DC2D00-00F6-4F72-930C-418EA0460F43}.Debug|Any CPU.Build.0 = Debug|Any CPU
		{B4DC2D00-00F6-4F72-930C-418EA0460F43}.Release|Any CPU.ActiveCfg = Release|Any CPU
		{B4DC2D00-00F6-4F72-930C-418EA0460F43}.Release|Any CPU.Build.0 = Release|Any CPU
		{68F16B81-2C35-4394-B1DA-492F0BCC2F8C}.Debug|Any CPU.ActiveCfg = Debug|Any CPU
		{68F16B81-2C35-4394-B1DA-492F0BCC2F8C}.Debug|Any CPU.Build.0 = Debug|Any CPU
		{68F16B81-2C35-4394-B1DA-492F0BCC2F8C}.Release|Any CPU.ActiveCfg = Release|Any CPU
		{68F16B81-2C35-4394-B1DA-492F0BCC2F8C}.Release|Any CPU.Build.0 = Release|Any CPU
		{6E797902-3A2B-4D7A-85EB-C4A7927DC099}.Debug|Any CPU.ActiveCfg = Debug|Any CPU
		{6E797902-3A2B-4D7A-85EB-C4A7927DC099}.Debug|Any CPU.Build.0 = Debug|Any CPU
		{6E797902-3A2B-4D7A-85EB-C4A7927DC099}.Release|Any CPU.ActiveCfg = Release|Any CPU
		{6E797902-3A2B-4D7A-85EB-C4A7927DC099}.Release|Any CPU.Build.0 = Release|Any CPU
	EndGlobalSection
EndGlobal
